
Microsoft Visual Studio Solution File, Format Version 12.00
# Visual Studio Version 17
VisualStudioVersion = 17.8.34322.80
MinimumVisualStudioVersion = 10.0.40219.1
Project("{FAE04EC0-301F-11D3-BF4B-00C04F79EFBC}") = "Proiect_Vet_App", "Proiect_Vet_App.csproj", "{9392D66A-DEED-487A-BDF6-A64DFD97BD44}"
EndProject
Global
	GlobalSection(SolutionConfigurationPlatforms) = preSolution
		Debug|Any CPU = Debug|Any CPU
		Release|Any CPU = Release|Any CPU
	EndGlobalSection
	GlobalSection(ProjectConfigurationPlatforms) = postSolution
		{9392D66A-DEED-487A-BDF6-A64DFD97BD44}.Debug|Any CPU.ActiveCfg = Debug|Any CPU
		{9392D66A-DEED-487A-BDF6-A64DFD97BD44}.Debug|Any CPU.Build.0 = Debug|Any CPU
		{9392D66A-DEED-487A-BDF6-A64DFD97BD44}.Debug|Any CPU.Deploy.0 = Debug|Any CPU
		{9392D66A-DEED-487A-BDF6-A64DFD97BD44}.Release|Any CPU.ActiveCfg = Release|Any CPU
		{9392D66A-DEED-487A-BDF6-A64DFD97BD44}.Release|Any CPU.Build.0 = Release|Any CPU
		{9392D66A-DEED-487A-BDF6-A64DFD97BD44}.Release|Any CPU.Deploy.0 = Release|Any CPU
	EndGlobalSection
	GlobalSection(SolutionProperties) = preSolution
		HideSolutionNode = FALSE
	EndGlobalSection
	GlobalSection(ExtensibilityGlobals) = postSolution
		SolutionGuid = {C66133AF-691B-4248-A158-91DA81EB0CAC}
	EndGlobalSection
EndGlobal
